// !$*UTF8*$!
{
	archiveVersion = 1;
	classes = {
	};
	objectVersion = 51;
	objects = {

/* Begin PBXBuildFile section */
		76D613AF1B0FF3DF41D137DA /* Pods_WorldAirQualityReportAssignment.framework in Frameworks */ = {isa = PBXBuildFile; fileRef = ED1F6A95AF5DBAAD989444AC /* Pods_WorldAirQualityReportAssignment.framework */; };
		E7586EE926E7D69B00DAF008 /* SingleWeatherViewModel.swift in Sources */ = {isa = PBXBuildFile; fileRef = E7586EE826E7D69B00DAF008 /* SingleWeatherViewModel.swift */; };
		E7D5990126E264CE0086C1AE /* AppDelegate.swift in Sources */ = {isa = PBXBuildFile; fileRef = E7D5990026E264CE0086C1AE /* AppDelegate.swift */; };
		E7D5990326E264CE0086C1AE /* SceneDelegate.swift in Sources */ = {isa = PBXBuildFile; fileRef = E7D5990226E264CE0086C1AE /* SceneDelegate.swift */; };
		E7D5990726E264D10086C1AE /* Assets.xcassets in Resources */ = {isa = PBXBuildFile; fileRef = E7D5990626E264D10086C1AE /* Assets.xcassets */; };
		E7D5990A26E264D10086C1AE /* Preview Assets.xcassets in Resources */ = {isa = PBXBuildFile; fileRef = E7D5990926E264D10086C1AE /* Preview Assets.xcassets */; };
		E7D5990D26E264D10086C1AE /* LaunchScreen.storyboard in Resources */ = {isa = PBXBuildFile; fileRef = E7D5990B26E264D10086C1AE /* LaunchScreen.storyboard */; };
		E7D5991D26E265190086C1AE /* LocationFetcher.swift in Sources */ = {isa = PBXBuildFile; fileRef = E7D5991B26E265190086C1AE /* LocationFetcher.swift */; };
		E7D5991E26E265190086C1AE /* PieceOfInformation.swift in Sources */ = {isa = PBXBuildFile; fileRef = E7D5991C26E265190086C1AE /* PieceOfInformation.swift */; };
		E7D5992226E265320086C1AE /* CityListView.swift in Sources */ = {isa = PBXBuildFile; fileRef = E7D5992126E265320086C1AE /* CityListView.swift */; };
		E7D5992926E265410086C1AE /* KeyboardHelper.swift in Sources */ = {isa = PBXBuildFile; fileRef = E7D5992426E265410086C1AE /* KeyboardHelper.swift */; };
		E7D5992A26E265410086C1AE /* Network.swift in Sources */ = {isa = PBXBuildFile; fileRef = E7D5992526E265410086C1AE /* Network.swift */; };
		E7D5992B26E265410086C1AE /* ListViewModel.swift in Sources */ = {isa = PBXBuildFile; fileRef = E7D5992626E265410086C1AE /* ListViewModel.swift */; };
		E7D5992C26E265410086C1AE /* SearchBar.swift in Sources */ = {isa = PBXBuildFile; fileRef = E7D5992726E265410086C1AE /* SearchBar.swift */; };
		E7D5992D26E265410086C1AE /* WeatherService.swift in Sources */ = {isa = PBXBuildFile; fileRef = E7D5992826E265410086C1AE /* WeatherService.swift */; };
		E7D5993026E2672B0086C1AE /* SearchViewController.swift in Sources */ = {isa = PBXBuildFile; fileRef = E7D5992F26E2672B0086C1AE /* SearchViewController.swift */; };
		E7D5993D26E26CF80086C1AE /* EntryView.swift in Sources */ = {isa = PBXBuildFile; fileRef = E7D5993C26E26CF80086C1AE /* EntryView.swift */; };
		E7D5994126E274080086C1AE /* Weather.swift in Sources */ = {isa = PBXBuildFile; fileRef = E7D5994026E274070086C1AE /* Weather.swift */; };
		E7D5994426E277F00086C1AE /* Subsidiaries.swift in Sources */ = {isa = PBXBuildFile; fileRef = E7D5994326E277F00086C1AE /* Subsidiaries.swift */; };
		E7D5994726E278520086C1AE /* SingleCityWeather.swift in Sources */ = {isa = PBXBuildFile; fileRef = E7D5994626E278520086C1AE /* SingleCityWeather.swift */; };
		E7D5994C26E27BF30086C1AE /* Views.swift in Sources */ = {isa = PBXBuildFile; fileRef = E7D5994B26E27BF30086C1AE /* Views.swift */; };
/* End PBXBuildFile section */

/* Begin PBXFileReference section */
		84FF723E213440098D0C8D79 /* Pods-WorldAirQualityReportAssignment.debug.xcconfig */ = {isa = PBXFileReference; includeInIndex = 1; lastKnownFileType = text.xcconfig; name = "Pods-WorldAirQualityReportAssignment.debug.xcconfig"; path = "Target Support Files/Pods-WorldAirQualityReportAssignment/Pods-WorldAirQualityReportAssignment.debug.xcconfig"; sourceTree = "<group>"; };
		8573056321065F4CBEC6AA66 /* Pods-WorldAirQualityReportAssignment.release.xcconfig */ = {isa = PBXFileReference; includeInIndex = 1; lastKnownFileType = text.xcconfig; name = "Pods-WorldAirQualityReportAssignment.release.xcconfig"; path = "Target Support Files/Pods-WorldAirQualityReportAssignment/Pods-WorldAirQualityReportAssignment.release.xcconfig"; sourceTree = "<group>"; };
		E7586EE826E7D69B00DAF008 /* SingleWeatherViewModel.swift */ = {isa = PBXFileReference; lastKnownFileType = sourcecode.swift; path = SingleWeatherViewModel.swift; sourceTree = "<group>"; };
		E7D598FD26E264CE0086C1AE /* WorldAirQualityReportAssignment.app */ = {isa = PBXFileReference; explicitFileType = wrapper.application; includeInIndex = 0; path = WorldAirQualityReportAssignment.app; sourceTree = BUILT_PRODUCTS_DIR; };
		E7D5990026E264CE0086C1AE /* AppDelegate.swift */ = {isa = PBXFileReference; lastKnownFileType = sourcecode.swift; path = AppDelegate.swift; sourceTree = "<group>"; };
		E7D5990226E264CE0086C1AE /* SceneDelegate.swift */ = {isa = PBXFileReference; lastKnownFileType = sourcecode.swift; path = SceneDelegate.swift; sourceTree = "<group>"; };
		E7D5990626E264D10086C1AE /* Assets.xcassets */ = {isa = PBXFileReference; lastKnownFileType = folder.assetcatalog; path = Assets.xcassets; sourceTree = "<group>"; };
		E7D5990926E264D10086C1AE /* Preview Assets.xcassets */ = {isa = PBXFileReference; lastKnownFileType = folder.assetcatalog; path = "Preview Assets.xcassets"; sourceTree = "<group>"; };
		E7D5990C26E264D10086C1AE /* Base */ = {isa = PBXFileReference; lastKnownFileType = file.storyboard; name = Base; path = Base.lproj/LaunchScreen.storyboard; sourceTree = "<group>"; };
		E7D5990E26E264D10086C1AE /* Info.plist */ = {isa = PBXFileReference; lastKnownFileType = text.plist.xml; path = Info.plist; sourceTree = "<group>"; };
		E7D5991B26E265190086C1AE /* LocationFetcher.swift */ = {isa = PBXFileReference; fileEncoding = 4; lastKnownFileType = sourcecode.swift; path = LocationFetcher.swift; sourceTree = "<group>"; };
		E7D5991C26E265190086C1AE /* PieceOfInformation.swift */ = {isa = PBXFileReference; fileEncoding = 4; lastKnownFileType = sourcecode.swift; path = PieceOfInformation.swift; sourceTree = "<group>"; };
		E7D5992126E265320086C1AE /* CityListView.swift */ = {isa = PBXFileReference; fileEncoding = 4; lastKnownFileType = sourcecode.swift; path = CityListView.swift; sourceTree = "<group>"; };
		E7D5992426E265410086C1AE /* KeyboardHelper.swift */ = {isa = PBXFileReference; fileEncoding = 4; lastKnownFileType = sourcecode.swift; path = KeyboardHelper.swift; sourceTree = "<group>"; };
		E7D5992526E265410086C1AE /* Network.swift */ = {isa = PBXFileReference; fileEncoding = 4; lastKnownFileType = sourcecode.swift; path = Network.swift; sourceTree = "<group>"; };
		E7D5992626E265410086C1AE /* ListViewModel.swift */ = {isa = PBXFileReference; fileEncoding = 4; lastKnownFileType = sourcecode.swift; path = ListViewModel.swift; sourceTree = "<group>"; };
		E7D5992726E265410086C1AE /* SearchBar.swift */ = {isa = PBXFileReference; fileEncoding = 4; lastKnownFileType = sourcecode.swift; path = SearchBar.swift; sourceTree = "<group>"; };
		E7D5992826E265410086C1AE /* WeatherService.swift */ = {isa = PBXFileReference; fileEncoding = 4; lastKnownFileType = sourcecode.swift; path = WeatherService.swift; sourceTree = "<group>"; };
		E7D5992F26E2672B0086C1AE /* SearchViewController.swift */ = {isa = PBXFileReference; lastKnownFileType = sourcecode.swift; path = SearchViewController.swift; sourceTree = "<group>"; };
		E7D5993C26E26CF80086C1AE /* EntryView.swift */ = {isa = PBXFileReference; lastKnownFileType = sourcecode.swift; path = EntryView.swift; sourceTree = "<group>"; };
		E7D5994026E274070086C1AE /* Weather.swift */ = {isa = PBXFileReference; lastKnownFileType = sourcecode.swift; path = Weather.swift; sourceTree = "<group>"; };
		E7D5994326E277F00086C1AE /* Subsidiaries.swift */ = {isa = PBXFileReference; lastKnownFileType = sourcecode.swift; path = Subsidiaries.swift; sourceTree = "<group>"; };
		E7D5994626E278520086C1AE /* SingleCityWeather.swift */ = {isa = PBXFileReference; lastKnownFileType = sourcecode.swift; path = SingleCityWeather.swift; sourceTree = "<group>"; };
		E7D5994B26E27BF30086C1AE /* Views.swift */ = {isa = PBXFileReference; lastKnownFileType = sourcecode.swift; path = Views.swift; sourceTree = "<group>"; };
		ED1F6A95AF5DBAAD989444AC /* Pods_WorldAirQualityReportAssignment.framework */ = {isa = PBXFileReference; explicitFileType = wrapper.framework; includeInIndex = 0; path = Pods_WorldAirQualityReportAssignment.framework; sourceTree = BUILT_PRODUCTS_DIR; };
/* End PBXFileReference section */

/* Begin PBXFrameworksBuildPhase section */
		E7D598FA26E264CE0086C1AE /* Frameworks */ = {
			isa = PBXFrameworksBuildPhase;
			buildActionMask = 2147483647;
			files = (
				76D613AF1B0FF3DF41D137DA /* Pods_WorldAirQualityReportAssignment.framework in Frameworks */,
			);
			runOnlyForDeploymentPostprocessing = 0;
		};
/* End PBXFrameworksBuildPhase section */

/* Begin PBXGroup section */
		4B64A4512E86EA5CCA9128F6 /* Pods */ = {
			isa = PBXGroup;
			children = (
				84FF723E213440098D0C8D79 /* Pods-WorldAirQualityReportAssignment.debug.xcconfig */,
				8573056321065F4CBEC6AA66 /* Pods-WorldAirQualityReportAssignment.release.xcconfig */,
			);
			path = Pods;
			sourceTree = "<group>";
		};
		E1552657C1F2EB22FC865A56 /* Frameworks */ = {
			isa = PBXGroup;
			children = (
				ED1F6A95AF5DBAAD989444AC /* Pods_WorldAirQualityReportAssignment.framework */,
			);
			name = Frameworks;
			sourceTree = "<group>";
		};
		E7586EE426E7D65100DAF008 /* Repository */ = {
			isa = PBXGroup;
			children = (
				E7D5992526E265410086C1AE /* Network.swift */,
				E7D5992826E265410086C1AE /* WeatherService.swift */,
			);
			path = Repository;
			sourceTree = "<group>";
		};
		E7586EE526E7D66000DAF008 /* Views */ = {
			isa = PBXGroup;
			children = (
				E7D5993C26E26CF80086C1AE /* EntryView.swift */,
				E7D5992F26E2672B0086C1AE /* SearchViewController.swift */,
				E7D5992126E265320086C1AE /* CityListView.swift */,
				E7D5994626E278520086C1AE /* SingleCityWeather.swift */,
			);
			path = Views;
			sourceTree = "<group>";
		};
		E7586EE626E7D66D00DAF008 /* Helpers */ = {
			isa = PBXGroup;
			children = (
				E7D5992726E265410086C1AE /* SearchBar.swift */,
				E7D5992426E265410086C1AE /* KeyboardHelper.swift */,
			);
			path = Helpers;
			sourceTree = "<group>";
		};
		E7586EE726E7D67800DAF008 /* ViewModels */ = {
			isa = PBXGroup;
			children = (
				E7D5992626E265410086C1AE /* ListViewModel.swift */,
				E7586EE826E7D69B00DAF008 /* SingleWeatherViewModel.swift */,
			);
			path = ViewModels;
			sourceTree = "<group>";
		};
		E7D598F426E264CE0086C1AE = {
			isa = PBXGroup;
			children = (
				E7D598FF26E264CE0086C1AE /* WorldAirQualityReportAssignment */,
				E7D598FE26E264CE0086C1AE /* Products */,
				4B64A4512E86EA5CCA9128F6 /* Pods */,
				E1552657C1F2EB22FC865A56 /* Frameworks */,
			);
			sourceTree = "<group>";
		};
		E7D598FE26E264CE0086C1AE /* Products */ = {
			isa = PBXGroup;
			children = (
				E7D598FD26E264CE0086C1AE /* WorldAirQualityReportAssignment.app */,
			);
			name = Products;
			sourceTree = "<group>";
		};
		E7D598FF26E264CE0086C1AE /* WorldAirQualityReportAssignment */ = {
			isa = PBXGroup;
			children = (
				E7586EE726E7D67800DAF008 /* ViewModels */,
				E7586EE526E7D66000DAF008 /* Views */,
				E7D5991A26E265190086C1AE /* Models */,
				E7586EE426E7D65100DAF008 /* Repository */,
				E7586EE626E7D66D00DAF008 /* Helpers */,
				E7D5990026E264CE0086C1AE /* AppDelegate.swift */,
				E7D5990226E264CE0086C1AE /* SceneDelegate.swift */,
				E7D5990626E264D10086C1AE /* Assets.xcassets */,
				E7D5990B26E264D10086C1AE /* LaunchScreen.storyboard */,
				E7D5990E26E264D10086C1AE /* Info.plist */,
				E7D5990826E264D10086C1AE /* Preview Content */,
				E7D5994B26E27BF30086C1AE /* Views.swift */,
			);
			path = WorldAirQualityReportAssignment;
			sourceTree = "<group>";
		};
		E7D5990826E264D10086C1AE /* Preview Content */ = {
			isa = PBXGroup;
			children = (
				E7D5990926E264D10086C1AE /* Preview Assets.xcassets */,
			);
			path = "Preview Content";
			sourceTree = "<group>";
		};
		E7D5991A26E265190086C1AE /* Models */ = {
			isa = PBXGroup;
			children = (
				E7D5991B26E265190086C1AE /* LocationFetcher.swift */,
				E7D5991C26E265190086C1AE /* PieceOfInformation.swift */,
				E7D5994026E274070086C1AE /* Weather.swift */,
				E7D5994326E277F00086C1AE /* Subsidiaries.swift */,
			);
			path = Models;
			sourceTree = "<group>";
		};
/* End PBXGroup section */

/* Begin PBXNativeTarget section */
		E7D598FC26E264CE0086C1AE /* WorldAirQualityReportAssignment */ = {
			isa = PBXNativeTarget;
			buildConfigurationList = E7D5991126E264D10086C1AE /* Build configuration list for PBXNativeTarget "WorldAirQualityReportAssignment" */;
			buildPhases = (
				30B1FFF41253D740C3F35D80 /* [CP] Check Pods Manifest.lock */,
				E7D598F926E264CE0086C1AE /* Sources */,
				E7D598FA26E264CE0086C1AE /* Frameworks */,
				E7D598FB26E264CE0086C1AE /* Resources */,
				774DCF5CFF8738C82FB77102 /* [CP] Embed Pods Frameworks */,
			);
			buildRules = (
			);
			dependencies = (
			);
			name = WorldAirQualityReportAssignment;
			productName = WorldAirQualityReportAssignment;
			productReference = E7D598FD26E264CE0086C1AE /* WorldAirQualityReportAssignment.app */;
			productType = "com.apple.product-type.application";
		};
/* End PBXNativeTarget section */

/* Begin PBXProject section */
		E7D598F526E264CE0086C1AE /* Project object */ = {
			isa = PBXProject;
			attributes = {
				LastSwiftUpdateCheck = 1240;
				LastUpgradeCheck = 1240;
				TargetAttributes = {
					E7D598FC26E264CE0086C1AE = {
						CreatedOnToolsVersion = 12.4;
					};
				};
			};
			buildConfigurationList = E7D598F826E264CE0086C1AE /* Build configuration list for PBXProject "WorldAirQualityReportAssignment" */;
			compatibilityVersion = "Xcode 9.3";
			developmentRegion = en;
			hasScannedForEncodings = 0;
			knownRegions = (
				en,
				Base,
			);
			mainGroup = E7D598F426E264CE0086C1AE;
			productRefGroup = E7D598FE26E264CE0086C1AE /* Products */;
			projectDirPath = "";
			projectRoot = "";
			targets = (
				E7D598FC26E264CE0086C1AE /* WorldAirQualityReportAssignment */,
			);
		};
/* End PBXProject section */

/* Begin PBXResourcesBuildPhase section */
		E7D598FB26E264CE0086C1AE /* Resources */ = {
			isa = PBXResourcesBuildPhase;
			buildActionMask = 2147483647;
			files = (
				E7D5990D26E264D10086C1AE /* LaunchScreen.storyboard in Resources */,
				E7D5990A26E264D10086C1AE /* Preview Assets.xcassets in Resources */,
				E7D5990726E264D10086C1AE /* Assets.xcassets in Resources */,
			);
			runOnlyForDeploymentPostprocessing = 0;
		};
/* End PBXResourcesBuildPhase section */

/* Begin PBXShellScriptBuildPhase section */
		30B1FFF41253D740C3F35D80 /* [CP] Check Pods Manifest.lock */ = {
			isa = PBXShellScriptBuildPhase;
			buildActionMask = 2147483647;
			files = (
			);
			inputFileListPaths = (
			);
			inputPaths = (
				"${PODS_PODFILE_DIR_PATH}/Podfile.lock",
				"${PODS_ROOT}/Manifest.lock",
			);
			name = "[CP] Check Pods Manifest.lock";
			outputFileListPaths = (
			);
			outputPaths = (
				"$(DERIVED_FILE_DIR)/Pods-WorldAirQualityReportAssignment-checkManifestLockResult.txt",
			);
			runOnlyForDeploymentPostprocessing = 0;
			shellPath = /bin/sh;
			shellScript = "diff \"${PODS_PODFILE_DIR_PATH}/Podfile.lock\" \"${PODS_ROOT}/Manifest.lock\" > /dev/null\nif [ $? != 0 ] ; then\n    # print error to STDERR\n    echo \"error: The sandbox is not in sync with the Podfile.lock. Run 'pod install' or update your CocoaPods installation.\" >&2\n    exit 1\nfi\n# This output is used by Xcode 'outputs' to avoid re-running this script phase.\necho \"SUCCESS\" > \"${SCRIPT_OUTPUT_FILE_0}\"\n";
			showEnvVarsInLog = 0;
		};
		774DCF5CFF8738C82FB77102 /* [CP] Embed Pods Frameworks */ = {
			isa = PBXShellScriptBuildPhase;
			buildActionMask = 2147483647;
			files = (
			);
			inputFileListPaths = (
				"${PODS_ROOT}/Target Support Files/Pods-WorldAirQualityReportAssignment/Pods-WorldAirQualityReportAssignment-frameworks-${CONFIGURATION}-input-files.xcfilelist",
			);
			name = "[CP] Embed Pods Frameworks";
			outputFileListPaths = (
				"${PODS_ROOT}/Target Support Files/Pods-WorldAirQualityReportAssignment/Pods-WorldAirQualityReportAssignment-frameworks-${CONFIGURATION}-output-files.xcfilelist",
			);
			runOnlyForDeploymentPostprocessing = 0;
			shellPath = /bin/sh;
			shellScript = "\"${PODS_ROOT}/Target Support Files/Pods-WorldAirQualityReportAssignment/Pods-WorldAirQualityReportAssignment-frameworks.sh\"\n";
			showEnvVarsInLog = 0;
		};
/* End PBXShellScriptBuildPhase section */

/* Begin PBXSourcesBuildPhase section */
		E7D598F926E264CE0086C1AE /* Sources */ = {
			isa = PBXSourcesBuildPhase;
			buildActionMask = 2147483647;
			files = (
				E7D5992D26E265410086C1AE /* WeatherService.swift in Sources */,
				E7D5993026E2672B0086C1AE /* SearchViewController.swift in Sources */,
				E7D5992926E265410086C1AE /* KeyboardHelper.swift in Sources */,
				E7D5990126E264CE0086C1AE /* AppDelegate.swift in Sources */,
				E7D5994C26E27BF30086C1AE /* Views.swift in Sources */,
				E7D5992226E265320086C1AE /* CityListView.swift in Sources */,
				E7D5990326E264CE0086C1AE /* SceneDelegate.swift in Sources */,
				E7D5991E26E265190086C1AE /* PieceOfInformation.swift in Sources */,
				E7D5992C26E265410086C1AE /* SearchBar.swift in Sources */,
				E7D5994426E277F00086C1AE /* Subsidiaries.swift in Sources */,
				E7D5994126E274080086C1AE /* Weather.swift in Sources */,
				E7586EE926E7D69B00DAF008 /* SingleWeatherViewModel.swift in Sources */,
				E7D5992B26E265410086C1AE /* ListViewModel.swift in Sources */,
				E7D5992A26E265410086C1AE /* Network.swift in Sources */,
				E7D5994726E278520086C1AE /* SingleCityWeather.swift in Sources */,
				E7D5991D26E265190086C1AE /* LocationFetcher.swift in Sources */,
				E7D5993D26E26CF80086C1AE /* EntryView.swift in Sources */,
			);
			runOnlyForDeploymentPostprocessing = 0;
		};
/* End PBXSourcesBuildPhase section */

/* Begin PBXVariantGroup section */
		E7D5990B26E264D10086C1AE /* LaunchScreen.storyboard */ = {
			isa = PBXVariantGroup;
			children = (
				E7D5990C26E264D10086C1AE /* Base */,
			);
			name = LaunchScreen.storyboard;
			sourceTree = "<group>";
		};
/* End PBXVariantGroup section */

/* Begin XCBuildConfiguration section */
		E7D5990F26E264D10086C1AE /* Debug */ = {
			isa = XCBuildConfiguration;
			buildSettings = {
				ALWAYS_SEARCH_USER_PATHS = NO;
				CLANG_ANALYZER_NONNULL = YES;
				CLANG_ANALYZER_NUMBER_OBJECT_CONVERSION = YES_AGGRESSIVE;
				CLANG_CXX_LANGUAGE_STANDARD = "gnu++14";
				CLANG_CXX_LIBRARY = "libc++";
				CLANG_ENABLE_MODULES = YES;
				CLANG_ENABLE_OBJC_ARC = YES;
				CLANG_ENABLE_OBJC_WEAK = YES;
				CLANG_WARN_BLOCK_CAPTURE_AUTORELEASING = YES;
				CLANG_WARN_BOOL_CONVERSION = YES;
				CLANG_WARN_COMMA = YES;
				CLANG_WARN_CONSTANT_CONVERSION = YES;
				CLANG_WARN_DEPRECATED_OBJC_IMPLEMENTATIONS = YES;
				CLANG_WARN_DIRECT_OBJC_ISA_USAGE = YES_ERROR;
				CLANG_WARN_DOCUMENTATION_COMMENTS = YES;
				CLANG_WARN_EMPTY_BODY = YES;
				CLANG_WARN_ENUM_CONVERSION = YES;
				CLANG_WARN_INFINITE_RECURSION = YES;
				CLANG_WARN_INT_CONVERSION = YES;
				CLANG_WARN_NON_LITERAL_NULL_CONVERSION = YES;
				CLANG_WARN_OBJC_IMPLICIT_RETAIN_SELF = YES;
				CLANG_WARN_OBJC_LITERAL_CONVERSION = YES;
				CLANG_WARN_OBJC_ROOT_CLASS = YES_ERROR;
				CLANG_WARN_QUOTED_INCLUDE_IN_FRAMEWORK_HEADER = YES;
				CLANG_WARN_RANGE_LOOP_ANALYSIS = YES;
				CLANG_WARN_STRICT_PROTOTYPES = YES;
				CLANG_WARN_SUSPICIOUS_MOVE = YES;
				CLANG_WARN_UNGUARDED_AVAILABILITY = YES_AGGRESSIVE;
				CLANG_WARN_UNREACHABLE_CODE = YES;
				CLANG_WARN__DUPLICATE_METHOD_MATCH = YES;
				COPY_PHASE_STRIP = NO;
				DEBUG_INFORMATION_FORMAT = dwarf;
				ENABLE_STRICT_OBJC_MSGSEND = YES;
				ENABLE_TESTABILITY = YES;
				GCC_C_LANGUAGE_STANDARD = gnu11;
				GCC_DYNAMIC_NO_PIC = NO;
				GCC_NO_COMMON_BLOCKS = YES;
				GCC_OPTIMIZATION_LEVEL = 0;
				GCC_PREPROCESSOR_DEFINITIONS = (
					"DEBUG=1",
					"$(inherited)",
				);
				GCC_WARN_64_TO_32_BIT_CONVERSION = YES;
				GCC_WARN_ABOUT_RETURN_TYPE = YES_ERROR;
				GCC_WARN_UNDECLARED_SELECTOR = YES;
				GCC_WARN_UNINITIALIZED_AUTOS = YES_AGGRESSIVE;
				GCC_WARN_UNUSED_FUNCTION = YES;
				GCC_WARN_UNUSED_VARIABLE = YES;
				IPHONEOS_DEPLOYMENT_TARGET = 14.4;
				MTL_ENABLE_DEBUG_INFO = INCLUDE_SOURCE;
				MTL_FAST_MATH = YES;
				ONLY_ACTIVE_ARCH = YES;
				SDKROOT = iphoneos;
				SWIFT_ACTIVE_COMPILATION_CONDITIONS = DEBUG;
				SWIFT_OPTIMIZATION_LEVEL = "-Onone";
			};
			name = Debug;
		};
		E7D5991026E264D10086C1AE /* Release */ = {
			isa = XCBuildConfiguration;
			buildSettings = {
				ALWAYS_SEARCH_USER_PATHS = NO;
				CLANG_ANALYZER_NONNULL = YES;
				CLANG_ANALYZER_NUMBER_OBJECT_CONVERSION = YES_AGGRESSIVE;
				CLANG_CXX_LANGUAGE_STANDARD = "gnu++14";
				CLANG_CXX_LIBRARY = "libc++";
				CLANG_ENABLE_MODULES = YES;
				CLANG_ENABLE_OBJC_ARC = YES;
				CLANG_ENABLE_OBJC_WEAK = YES;
				CLANG_WARN_BLOCK_CAPTURE_AUTORELEASING = YES;
				CLANG_WARN_BOOL_CONVERSION = YES;
				CLANG_WARN_COMMA = YES;
				CLANG_WARN_CONSTANT_CONVERSION = YES;
				CLANG_WARN_DEPRECATED_OBJC_IMPLEMENTATIONS = YES;
				CLANG_WARN_DIRECT_OBJC_ISA_USAGE = YES_ERROR;
				CLANG_WARN_DOCUMENTATION_COMMENTS = YES;
				CLANG_WARN_EMPTY_BODY = YES;
				CLANG_WARN_ENUM_CONVERSION = YES;
				CLANG_WARN_INFINITE_RECURSION = YES;
				CLANG_WARN_INT_CONVERSION = YES;
				CLANG_WARN_NON_LITERAL_NULL_CONVERSION = YES;
				CLANG_WARN_OBJC_IMPLICIT_RETAIN_SELF = YES;
				CLANG_WARN_OBJC_LITERAL_CONVERSION = YES;
				CLANG_WARN_OBJC_ROOT_CLASS = YES_ERROR;
				CLANG_WARN_QUOTED_INCLUDE_IN_FRAMEWORK_HEADER = YES;
				CLANG_WARN_RANGE_LOOP_ANALYSIS = YES;
				CLANG_WARN_STRICT_PROTOTYPES = YES;
				CLANG_WARN_SUSPICIOUS_MOVE = YES;
				CLANG_WARN_UNGUARDED_AVAILABILITY = YES_AGGRESSIVE;
				CLANG_WARN_UNREACHABLE_CODE = YES;
				CLANG_WARN__DUPLICATE_METHOD_MATCH = YES;
				COPY_PHASE_STRIP = NO;
				DEBUG_INFORMATION_FORMAT = "dwarf-with-dsym";
				ENABLE_NS_ASSERTIONS = NO;
				ENABLE_STRICT_OBJC_MSGSEND = YES;
				GCC_C_LANGUAGE_STANDARD = gnu11;
				GCC_NO_COMMON_BLOCKS = YES;
				GCC_WARN_64_TO_32_BIT_CONVERSION = YES;
				GCC_WARN_ABOUT_RETURN_TYPE = YES_ERROR;
				GCC_WARN_UNDECLARED_SELECTOR = YES;
				GCC_WARN_UNINITIALIZED_AUTOS = YES_AGGRESSIVE;
				GCC_WARN_UNUSED_FUNCTION = YES;
				GCC_WARN_UNUSED_VARIABLE = YES;
				IPHONEOS_DEPLOYMENT_TARGET = 14.4;
				MTL_ENABLE_DEBUG_INFO = NO;
				MTL_FAST_MATH = YES;
				SDKROOT = iphoneos;
				SWIFT_COMPILATION_MODE = wholemodule;
				SWIFT_OPTIMIZATION_LEVEL = "-O";
				VALIDATE_PRODUCT = YES;
			};
			name = Release;
		};
		E7D5991226E264D10086C1AE /* Debug */ = {
			isa = XCBuildConfiguration;
			baseConfigurationReference = 84FF723E213440098D0C8D79 /* Pods-WorldAirQualityReportAssignment.debug.xcconfig */;
			buildSettings = {
				ASSETCATALOG_COMPILER_APPICON_NAME = AppIcon;
				ASSETCATALOG_COMPILER_GLOBAL_ACCENT_COLOR_NAME = AccentColor;
				CODE_SIGN_STYLE = Automatic;
				DEVELOPMENT_ASSET_PATHS = "\"WorldAirQualityReportAssignment/Preview Content\"";
				DEVELOPMENT_TEAM = HVC97Q25XV;
				ENABLE_PREVIEWS = YES;
				INFOPLIST_FILE = WorldAirQualityReportAssignment/Info.plist;
				IPHONEOS_DEPLOYMENT_TARGET = 14.1;
				LD_RUNPATH_SEARCH_PATHS = (
					"$(inherited)",
					"@executable_path/Frameworks",
				);
				PRODUCT_BUNDLE_IDENTIFIER = com.hungnguy.WorldAirQualityReportAssignment;
				PRODUCT_NAME = "$(TARGET_NAME)";
				SWIFT_VERSION = 5.0;
				TARGETED_DEVICE_FAMILY = 1;
			};
			name = Debug;
		};
		E7D5991326E264D10086C1AE /* Release */ = {
			isa = XCBuildConfiguration;
			baseConfigurationReference = 8573056321065F4CBEC6AA66 /* Pods-WorldAirQualityReportAssignment.release.xcconfig */;
			buildSettings = {
				ASSETCATALOG_COMPILER_APPICON_NAME = AppIcon;
				ASSETCATALOG_COMPILER_GLOBAL_ACCENT_COLOR_NAME = AccentColor;
				CODE_SIGN_STYLE = Automatic;
				DEVELOPMENT_ASSET_PATHS = "\"WorldAirQualityReportAssignment/Preview Content\"";
				DEVELOPMENT_TEAM = HVC97Q25XV;
				ENABLE_PREVIEWS = YES;
				INFOPLIST_FILE = WorldAirQualityReportAssignment/Info.plist;
				IPHONEOS_DEPLOYMENT_TARGET = 14.1;
				LD_RUNPATH_SEARCH_PATHS = (
					"$(inherited)",
					"@executable_path/Frameworks",
				);
				PRODUCT_BUNDLE_IDENTIFIER = com.hungnguy.WorldAirQualityReportAssignment;
				PRODUCT_NAME = "$(TARGET_NAME)";
				SWIFT_VERSION = 5.0;
				TARGETED_DEVICE_FAMILY = 1;
			};
			name = Release;
		};
/* End XCBuildConfiguration section */

/* Begin XCConfigurationList section */
		E7D598F826E264CE0086C1AE /* Build configuration list for PBXProject "WorldAirQualityReportAssignment" */ = {
			isa = XCConfigurationList;
			buildConfigurations = (
				E7D5990F26E264D10086C1AE /* Debug */,
				E7D5991026E264D10086C1AE /* Release */,
			);
			defaultConfigurationIsVisible = 0;
			defaultConfigurationName = Release;
		};
		E7D5991126E264D10086C1AE /* Build configuration list for PBXNativeTarget "WorldAirQualityReportAssignment" */ = {
			isa = XCConfigurationList;
			buildConfigurations = (
				E7D5991226E264D10086C1AE /* Debug */,
				E7D5991326E264D10086C1AE /* Release */,
			);
			defaultConfigurationIsVisible = 0;
			defaultConfigurationName = Release;
		};
/* End XCConfigurationList section */
	};
	rootObject = E7D598F526E264CE0086C1AE /* Project object */;
}
